Microsoft Visual Studio Solution File, Format Version 11.00
# Visual Studio 2008

Project("{B26F974B-3F26-8D6D-DDC1-B789E8130527}") = "RealReal", "Assembly-CSharp.csproj", "{F3329E3E-ED80-2212-2D16-A5213B111D0E}"
EndProject
Project("{B26F974B-3F26-8D6D-DDC1-B789E8130527}") = "RealReal", "Assembly-CSharp-Editor.csproj", "{EABD06F8-9407-A57A-BA01-F72B1F39940C}"
EndProject
Global
	GlobalSection(SolutionConfigurationPlatforms) = preSolution
		Debug|Any CPU = Debug|Any CPU
		Release|Any CPU = Release|Any CPU
	EndGlobalSection
	GlobalSection(ProjectConfigurationPlatforms) = postSolution
		{F3329E3E-ED80-2212-2D16-A5213B111D0E}.Debug|Any CPU.ActiveCfg = Debug|Any CPU
		{F3329E3E-ED80-2212-2D16-A5213B111D0E}.Debug|Any CPU.Build.0 = Debug|Any CPU
		{F3329E3E-ED80-2212-2D16-A5213B111D0E}.Release|Any CPU.ActiveCfg = Release|Any CPU
		{F3329E3E-ED80-2212-2D16-A5213B111D0E}.Release|Any CPU.Build.0 = Release|Any CPU
		{EABD06F8-9407-A57A-BA01-F72B1F39940C}.Debug|Any CPU.ActiveCfg = Debug|Any CPU
		{EABD06F8-9407-A57A-BA01-F72B1F39940C}.Debug|Any CPU.Build.0 = Debug|Any CPU
		{EABD06F8-9407-A57A-BA01-F72B1F39940C}.Release|Any CPU.ActiveCfg = Release|Any CPU
		{EABD06F8-9407-A57A-BA01-F72B1F39940C}.Release|Any CPU.Build.0 = Release|Any CPU
	EndGlobalSection
	GlobalSection(SolutionProperties) = preSolution
		HideSolutionNode = FALSE
	EndGlobalSection
																																					GlobalSection(MonoDevelopProperties) = preSolution
		StartupItem = Assembly-CSharp.csproj
		Policies = $0
		$0.TextStylePolicy = $1
		$1.inheritsSet = null
		$1.scope = text/x-csharp
		$0.CSharpFormattingPolicy = $2
		$2.inheritsSet = Mono
		$2.inheritsScope = text/x-csharp
		$2.scope = text/x-csharp
		$0.TextStylePolicy = $3
		$3.FileWidth = 120
		$3.TabWidth = 4
		$3.EolMarker = Unix
		$3.inheritsSet = Mono
		$3.inheritsScope = text/plain
		$3.scope = text/plain
	EndGlobalSection

EndGlobal
