
Microsoft Visual Studio Solution File, Format Version 12.00
# Visual Studio 2013
Project("{FAE04EC0-301F-11D3-BF4B-00C04F79EFBC}") = "UnityVS.RealReal.CSharp", "UnityVS.RealReal.CSharp.csproj", "{11522E9F-3F07-DCC2-5383-CDE55047F227}"
EndProject
Project("{FAE04EC0-301F-11D3-BF4B-00C04F79EFBC}") = "UnityVS.RealReal.CSharp.Editor", "UnityVS.RealReal.CSharp.Editor.csproj", "{44E8398D-ACFD-FC24-6B81-609BC9E71533}"
EndProject
Global
	GlobalSection(SolutionConfigurationPlatforms) = preSolution
		Debug|Any CPU = Debug|Any CPU
		Release|Any CPU = Release|Any CPU
	EndGlobalSection
	GlobalSection(ProjectConfigurationPlatforms) = postSolution
		{11522E9F-3F07-DCC2-5383-CDE55047F227}.Debug|Any CPU.ActiveCfg = Debug|Any CPU
		{11522E9F-3F07-DCC2-5383-CDE55047F227}.Debug|Any CPU.Build.0 = Debug|Any CPU
		{11522E9F-3F07-DCC2-5383-CDE55047F227}.Release|Any CPU.ActiveCfg = Release|Any CPU
		{11522E9F-3F07-DCC2-5383-CDE55047F227}.Release|Any CPU.Build.0 = Release|Any CPU
		{44E8398D-ACFD-FC24-6B81-609BC9E71533}.Debug|Any CPU.ActiveCfg = Debug|Any CPU
		{44E8398D-ACFD-FC24-6B81-609BC9E71533}.Debug|Any CPU.Build.0 = Debug|Any CPU
		{44E8398D-ACFD-FC24-6B81-609BC9E71533}.Release|Any CPU.ActiveCfg = Release|Any CPU
		{44E8398D-ACFD-FC24-6B81-609BC9E71533}.Release|Any CPU.Build.0 = Release|Any CPU
	EndGlobalSection
	GlobalSection(SolutionProperties) = preSolution
		HideSolutionNode = FALSE
	EndGlobalSection
EndGlobal
